# This file is automatically @generated by Cargo.
# It is not intended for manual editing.
[[package]]
name = "isa-mos6502"
version = "0.1.0"
source = "git+https://github.com/ncatelli/isa-mos6502?branch=main#f1893da157f26b684212bf3405763072dd52b573"
dependencies = [
 "parcel 1.9.1",
]

[[package]]
name = "parcel"
version = "1.6.0"
source = "git+https://github.com/ncatelli/parcel?tag=v1.6.0#f88a83b88b2b6cfd0c03bbebb0dd020957d62255"

[[package]]
name = "parcel"
version = "1.9.1"
source = "git+https://github.com/ncatelli/parcel?tag=v1.9.1#bd387b7bf7503ad760f521654fe4689f6f3c9df0"

[[package]]
name = "scrap"
version = "0.1.1"
source = "git+https://github.com/ncatelli/scrap?tag=v0.1.1#9315f7a0eef0270c9f8c159f6af57553333ef855"
dependencies = [
 "parcel 1.6.0",
]

[[package]]
name = "spasm"
version = "0.2.0"
dependencies = [
 "isa-mos6502",
 "parcel 1.9.1",
 "scrap",
]
