# This file is automatically @generated by Cargo.
# It is not intended for manual editing.
[[package]]
name = "parcel"
version = "1.5.0"
source = "git+https://github.com/ncatelli/parcel?tag=v1.5.1#5c443a65a8f3f33873ba91429e3a23ffc3dd7468"

[[package]]
name = "spasm"
version = "0.1.0"
dependencies = [
 "parcel",
]
