# This file is automatically @generated by Cargo.
# It is not intended for manual editing.
version = 3

[[package]]
name = "isa-mos6502"
version = "0.1.0"
source = "git+https://github.com/ncatelli/isa-mos6502?tag=v0.2.0#84f94eef5b58e428980b7510e8f5b8e113e709bb"
dependencies = [
 "parcel",
]

[[package]]
name = "parcel"
version = "1.9.1"
source = "git+https://github.com/ncatelli/parcel?tag=v1.9.1#bd387b7bf7503ad760f521654fe4689f6f3c9df0"

[[package]]
name = "scrap"
version = "1.0.0"
source = "git+https://github.com/ncatelli/scrap?tag=v1.0.0#293eb9055cfa85fe68070e8c366819e61af677d3"

[[package]]
name = "spasm"
version = "1.1.2"
dependencies = [
 "isa-mos6502",
 "parcel",
 "scrap",
]
